<?xml version="1.0" encoding="utf-8"?>
<Project ToolsVersion="4.0" xmlns="http://schemas.microsoft.com/developer/msbuild/2003">
  <ItemGroup>
    <Filter Include="Исходные файлы">
      <UniqueIdentifier>{4FC737F1-C7A5-4376-A066-2A32D752A2FF}</UniqueIdentifier>
      <Extensions>cpp;c;cc;cxx;c++;cppm;ixx;def;odl;idl;hpj;bat;asm;asmx</Extensions>
    </Filter>
    <Filter Include="Файлы заголовков">
      <UniqueIdentifier>{93995380-89BD-4b04-88EB-625FBE52EBFB}</UniqueIdentifier>
      <Extensions>h;hh;hpp;hxx;h++;hm;inl;inc;ipp;xsd</Extensions>
    </Filter>
    <Filter Include="Файлы ресурсов">
      <UniqueIdentifier>{67DA6AB6-F800-4c08-8B7A-83BB121AAD01}</UniqueIdentifier>
      <Extensions>rc;ico;cur;bmp;dlg;rc2;rct;bin;rgs;gif;jpg;jpeg;jpe;resx;tiff;tif;png;wav;mfcribbon-ms</Extensions>
    </Filter>
  </ItemGroup>
  <ItemGroup>
    <ClCompile Include="VulkanPhysicalDevice.cpp">
      <Filter>Исходные файлы</Filter>
    </ClCompile>
    <ClCompile Include="window.cpp">
      <Filter>Исходные файлы</Filter>
    </ClCompile>
    <ClCompile Include="VulkanInstance.cpp">
      <Filter>Исходные файлы</Filter>
    </ClCompile>
    <ClCompile Include="VulkanDevice.cpp">
      <Filter>Исходные файлы</Filter>
    </ClCompile>
    <ClCompile Include="VulkanSwapchain.cpp">
      <Filter>Исходные файлы</Filter>
    </ClCompile>
    <ClCompile Include="VulkanRenderer.cpp">
      <Filter>Исходные файлы</Filter>
    </ClCompile>
    <ClCompile Include="VulkanSurface.cpp">
      <Filter>Исходные файлы</Filter>
    </ClCompile>
    <ClCompile Include="Application.cpp">
      <Filter>Исходные файлы</Filter>
    </ClCompile>
    <ClCompile Include="VulkanPipeline.cpp">
      <Filter>Исходные файлы</Filter>
    </ClCompile>
    <ClCompile Include="VulkanCommand.cpp">
      <Filter>Исходные файлы</Filter>
    </ClCompile>
    <ClCompile Include="VulkanRenderPass.h">
      <Filter>Исходные файлы</Filter>
    </ClCompile>
    <ClCompile Include="VulkanRenderPass.cpp">
      <Filter>Исходные файлы</Filter>
    </ClCompile>
    <ClCompile Include="VulkanSync.cpp">
      <Filter>Исходные файлы</Filter>
    </ClCompile>
    <ClCompile Include="main.cpp">
      <Filter>Исходные файлы</Filter>
    </ClCompile>
    <ClCompile Include="VulkanBuffer.cpp">
      <Filter>Исходные файлы</Filter>
    </ClCompile>
    <ClCompile Include="VulkanMesh.cpp">
      <Filter>Исходные файлы</Filter>
    </ClCompile>
    <ClCompile Include="Vertex.cpp">
      <Filter>Исходные файлы</Filter>
    </ClCompile>
    <ClCompile Include="VulkanFrameManager.cpp">
      <Filter>Исходные файлы</Filter>
    </ClCompile>
    <ClCompile Include="VulkanCommandRecorder.cpp">
      <Filter>Исходные файлы</Filter>
    </ClCompile>
    <ClCompile Include="Engine.cpp">
      <Filter>Исходные файлы</Filter>
    </ClCompile>
    <ClCompile Include="VulkanMeshManager.cpp">
      <Filter>Исходные файлы</Filter>
    </ClCompile>
    <ClCompile Include="Scene.cpp">
      <Filter>Исходные файлы</Filter>
    </ClCompile>
    <ClCompile Include="VulkanRenderContext.cpp">
      <Filter>Исходные файлы</Filter>
    </ClCompile>
    <ClCompile Include="DemoSceneBuilder.cpp">
      <Filter>Исходные файлы</Filter>
    </ClCompile>
    <ClCompile Include="Transform.cpp">
      <Filter>Исходные файлы</Filter>
    </ClCompile>
    <ClCompile Include="UniformBufferObject.h">
      <Filter>Исходные файлы</Filter>
    </ClCompile>
    <ClCompile Include="VulkanUniformBuffer.h">
      <Filter>Исходные файлы</Filter>
    </ClCompile>
    <ClCompile Include="VulkanUniformBuffer.cpp">
      <Filter>Исходные файлы</Filter>
    </ClCompile>
    <ClCompile Include="Camera.cpp">
      <Filter>Исходные файлы</Filter>
    </ClCompile>
  </ItemGroup>
  <ItemGroup>
    <ClInclude Include="VulkanPhysicalDevice.h">
      <Filter>Исходные файлы</Filter>
    </ClInclude>
    <ClInclude Include="window.h">
      <Filter>Исходные файлы</Filter>
    </ClInclude>
    <ClInclude Include="VulkanInstance.h">
      <Filter>Исходные файлы</Filter>
    </ClInclude>
    <ClInclude Include="VulkanDevice.h">
      <Filter>Исходные файлы</Filter>
    </ClInclude>
    <ClInclude Include="VulkanSwapchain.h">
      <Filter>Исходные файлы</Filter>
    </ClInclude>
    <ClInclude Include="VulkanRenderer.h">
      <Filter>Исходные файлы</Filter>
    </ClInclude>
    <ClInclude Include="VulkanSurface.h">
      <Filter>Исходные файлы</Filter>
    </ClInclude>
    <ClInclude Include="Application.h">
      <Filter>Исходные файлы</Filter>
    </ClInclude>
    <ClInclude Include="VulkanPipeline.h">
      <Filter>Исходные файлы</Filter>
    </ClInclude>
    <ClInclude Include="VulkanCommand.h">
      <Filter>Исходные файлы</Filter>
    </ClInclude>
    <ClInclude Include="VulkanSync.h">
      <Filter>Исходные файлы</Filter>
    </ClInclude>
    <ClInclude Include="Vertex.h">
      <Filter>Исходные файлы</Filter>
    </ClInclude>
    <ClInclude Include="VulkanBuffer.h">
      <Filter>Исходные файлы</Filter>
    </ClInclude>
    <ClInclude Include="VulkanMesh.h">
      <Filter>Исходные файлы</Filter>
    </ClInclude>
    <ClInclude Include="VulkanFrameManager.h">
      <Filter>Исходные файлы</Filter>
    </ClInclude>
    <ClInclude Include="VulkanCommandRecorder.h">
      <Filter>Исходные файлы</Filter>
    </ClInclude>
    <ClInclude Include="Engine.h">
      <Filter>Исходные файлы</Filter>
    </ClInclude>
    <ClInclude Include="VulkanMeshManager.h">
      <Filter>Исходные файлы</Filter>
    </ClInclude>
    <ClInclude Include="Scene.h">
      <Filter>Исходные файлы</Filter>
    </ClInclude>
    <ClInclude Include="VulkanRenderContext.h">
      <Filter>Исходные файлы</Filter>
    </ClInclude>
    <ClInclude Include="DemoSceneBuilder.h">
      <Filter>Исходные файлы</Filter>
    </ClInclude>
    <ClInclude Include="Transform.h">
      <Filter>Исходные файлы</Filter>
    </ClInclude>
    <ClInclude Include="Entity.h">
      <Filter>Исходные файлы</Filter>
    </ClInclude>
    <ClInclude Include="Camera.h">
      <Filter>Исходные файлы</Filter>
    </ClInclude>
    <ClInclude Include="RenderObject.h">
      <Filter>Исходные файлы</Filter>
    </ClInclude>
  </ItemGroup>
</Project>